{
  "name": "mysqlhomework",
  "version": "1.0.0",
  "description": "An Amazon like storefront using Node and MySQL",
  "main": "BamazonCustomer.js",
  "scripts": {
    "test": "echo \"Error: no test specified\" && exit 1"
  },
  "repository": {
    "type": "git",
    "url": "https://github.com/kishanpatel728/mysql.git"
  },
  